Microsoft Visual Studio Solution File, Format Version 12.00
# Visual Studio Version 17
VisualStudioVersion = 17.5.2.0
MinimumVisualStudioVersion = 10.0.40219.1
Project("{FAE04EC0-301F-11D3-BF4B-00C04F79EFBC}") = ".", "..csproj", "{FEA91663-7214-B722-A16E-B69FFDC74FA0}"
EndProject
Project("{FAE04EC0-301F-11D3-BF4B-00C04F79EFBC}") = "LoggingService", "LoggingService\LoggingService.csproj", "{942269A9-31D2-4545-95A0-A862816CD669}"
EndProject
Project("{FAE04EC0-301F-11D3-BF4B-00C04F79EFBC}") = "CompanyEmployees.Core.Domain", "CompanyEmployees.Core.Domain\CompanyEmployees.Core.Domain.csproj", "{94E04E9A-12F6-4484-946B-DFD28B2A84C2}"
EndProject
Global
	GlobalSection(SolutionConfigurationPlatforms) = preSolution
		Debug|Any CPU = Debug|Any CPU
		Release|Any CPU = Release|Any CPU
	EndGlobalSection
	GlobalSection(ProjectConfigurationPlatforms) = postSolution
		{FEA91663-7214-B722-A16E-B69FFDC74FA0}.Debug|Any CPU.ActiveCfg = Debug|Any CPU
		{FEA91663-7214-B722-A16E-B69FFDC74FA0}.Debug|Any CPU.Build.0 = Debug|Any CPU
		{FEA91663-7214-B722-A16E-B69FFDC74FA0}.Release|Any CPU.ActiveCfg = Release|Any CPU
		{FEA91663-7214-B722-A16E-B69FFDC74FA0}.Release|Any CPU.Build.0 = Release|Any CPU
		{942269A9-31D2-4545-95A0-A862816CD669}.Debug|Any CPU.ActiveCfg = Debug|Any CPU
		{942269A9-31D2-4545-95A0-A862816CD669}.Debug|Any CPU.Build.0 = Debug|Any CPU
		{942269A9-31D2-4545-95A0-A862816CD669}.Release|Any CPU.ActiveCfg = Release|Any CPU
		{942269A9-31D2-4545-95A0-A862816CD669}.Release|Any CPU.Build.0 = Release|Any CPU
		{94E04E9A-12F6-4484-946B-DFD28B2A84C2}.Debug|Any CPU.ActiveCfg = Debug|Any CPU
		{94E04E9A-12F6-4484-946B-DFD28B2A84C2}.Debug|Any CPU.Build.0 = Debug|Any CPU
		{94E04E9A-12F6-4484-946B-DFD28B2A84C2}.Release|Any CPU.ActiveCfg = Release|Any CPU
		{94E04E9A-12F6-4484-946B-DFD28B2A84C2}.Release|Any CPU.Build.0 = Release|Any CPU
	EndGlobalSection
	GlobalSection(SolutionProperties) = preSolution
		HideSolutionNode = FALSE
	EndGlobalSection
	GlobalSection(ExtensibilityGlobals) = postSolution
		SolutionGuid = {40736BB7-25D3-47F8-A13F-33C203DC61AB}
	EndGlobalSection
EndGlobal
